
Microsoft Visual Studio Solution File, Format Version 12.00
# Visual Studio Version 17
VisualStudioVersion = 17.7.34031.279
MinimumVisualStudioVersion = 10.0.40219.1
Project("{9A19103F-16F7-4668-BE54-9A1E7A4F7556}") = "BackPrueba", "BackPrueba.csproj", "{16D6E98C-AB14-49FD-82D7-E32AC732C7A2}"
EndProject
Project("{2150E333-8FDC-42A3-9474-1A3956D46DE8}") = "Docker", "Docker", "{B2B54459-0B4D-4487-8A45-8BE90497AE6F}"
EndProject
Global
	GlobalSection(SolutionConfigurationPlatforms) = preSolution
		Debug|Any CPU = Debug|Any CPU
		Release|Any CPU = Release|Any CPU
	EndGlobalSection
	GlobalSection(ProjectConfigurationPlatforms) = postSolution
		{16D6E98C-AB14-49FD-82D7-E32AC732C7A2}.Debug|Any CPU.ActiveCfg = Debug|Any CPU
		{16D6E98C-AB14-49FD-82D7-E32AC732C7A2}.Debug|Any CPU.Build.0 = Debug|Any CPU
		{16D6E98C-AB14-49FD-82D7-E32AC732C7A2}.Release|Any CPU.ActiveCfg = Release|Any CPU
		{16D6E98C-AB14-49FD-82D7-E32AC732C7A2}.Release|Any CPU.Build.0 = Release|Any CPU
	EndGlobalSection
	GlobalSection(SolutionProperties) = preSolution
		HideSolutionNode = FALSE
	EndGlobalSection
	GlobalSection(ExtensibilityGlobals) = postSolution
		SolutionGuid = {5378E91D-7156-4AF9-8D5C-D75332903A29}
	EndGlobalSection
EndGlobal
